
Microsoft Visual Studio Solution File, Format Version 12.00
# Visual Studio Version 17
VisualStudioVersion = 17.6.33815.320
MinimumVisualStudioVersion = 10.0.40219.1
Project("{FAE04EC0-301F-11D3-BF4B-00C04F79EFBC}") = "ConsoleApp with Entity Framework", "ConsoleApp with Entity Framework\ConsoleApp with Entity Framework.csproj", "{6937B8D6-B196-400D-B7C1-D1DF421A3CB3}"
EndProject
Global
	GlobalSection(SolutionConfigurationPlatforms) = preSolution
		Debug|Any CPU = Debug|Any CPU
		Release|Any CPU = Release|Any CPU
	EndGlobalSection
	GlobalSection(ProjectConfigurationPlatforms) = postSolution
		{6937B8D6-B196-400D-B7C1-D1DF421A3CB3}.Debug|Any CPU.ActiveCfg = Debug|Any CPU
		{6937B8D6-B196-400D-B7C1-D1DF421A3CB3}.Debug|Any CPU.Build.0 = Debug|Any CPU
		{6937B8D6-B196-400D-B7C1-D1DF421A3CB3}.Release|Any CPU.ActiveCfg = Release|Any CPU
		{6937B8D6-B196-400D-B7C1-D1DF421A3CB3}.Release|Any CPU.Build.0 = Release|Any CPU
	EndGlobalSection
	GlobalSection(SolutionProperties) = preSolution
		HideSolutionNode = FALSE
	EndGlobalSection
	GlobalSection(ExtensibilityGlobals) = postSolution
		SolutionGuid = {E3D45E8C-E53B-4D3B-BF28-0A4425995F8B}
	EndGlobalSection
EndGlobal
